# Transitive runtime constraints for the application image. Update through the compatibility suite.
annotated-types==0.8.0
confluent-kafka==2.15.0
fastavro==1.12.2
prometheus-client==0.26.0
pydantic==2.13.5
pydantic-core==2.46.5
pydantic-settings==2.15.0
python-dotenv==1.2.3
PyYAML==6.0.3
structlog==26.1.0
typing-extensions==4.16.0
typing-inspection==0.4.4

